
Microsoft Visual Studio Solution File, Format Version 12.00
Project("{FAE04EC0-301F-11D3-BF4B-00C04F79EFBC}") = "A4 - Movie Library Assignment", "A4 - Movie Library Assignment\A4 - Movie Library Assignment.csproj", "{89E1A331-24BD-4D59-BBA9-CD48AADCBEAF}"
EndProject
Global
	GlobalSection(SolutionConfigurationPlatforms) = preSolution
		Debug|Any CPU = Debug|Any CPU
		Release|Any CPU = Release|Any CPU
	EndGlobalSection
	GlobalSection(ProjectConfigurationPlatforms) = postSolution
		{89E1A331-24BD-4D59-BBA9-CD48AADCBEAF}.Debug|Any CPU.ActiveCfg = Debug|Any CPU
		{89E1A331-24BD-4D59-BBA9-CD48AADCBEAF}.Debug|Any CPU.Build.0 = Debug|Any CPU
		{89E1A331-24BD-4D59-BBA9-CD48AADCBEAF}.Release|Any CPU.ActiveCfg = Release|Any CPU
		{89E1A331-24BD-4D59-BBA9-CD48AADCBEAF}.Release|Any CPU.Build.0 = Release|Any CPU
	EndGlobalSection
EndGlobal
